
Microsoft Visual Studio Solution File, Format Version 12.00
# Visual Studio Version 17
VisualStudioVersion = 17.7.33711.374
MinimumVisualStudioVersion = 10.0.40219.1
Project("{FAE04EC0-301F-11D3-BF4B-00C04F79EFBC}") = "Demo1", "Demo1\Demo1.csproj", "{542A9591-933D-464B-8803-53760AAF9808}"
EndProject
Project("{FAE04EC0-301F-11D3-BF4B-00C04F79EFBC}") = "Tests", "Tests\Tests.csproj", "{7C64F7D5-BC0C-4600-BEC7-FF22C53EC098}"
EndProject
Global
	GlobalSection(SolutionConfigurationPlatforms) = preSolution
		Debug|Any CPU = Debug|Any CPU
		Release|Any CPU = Release|Any CPU
	EndGlobalSection
	GlobalSection(ProjectConfigurationPlatforms) = postSolution
		{542A9591-933D-464B-8803-53760AAF9808}.Debug|Any CPU.ActiveCfg = Debug|Any CPU
		{542A9591-933D-464B-8803-53760AAF9808}.Debug|Any CPU.Build.0 = Debug|Any CPU
		{542A9591-933D-464B-8803-53760AAF9808}.Release|Any CPU.ActiveCfg = Release|Any CPU
		{542A9591-933D-464B-8803-53760AAF9808}.Release|Any CPU.Build.0 = Release|Any CPU
		{7C64F7D5-BC0C-4600-BEC7-FF22C53EC098}.Debug|Any CPU.ActiveCfg = Debug|Any CPU
		{7C64F7D5-BC0C-4600-BEC7-FF22C53EC098}.Debug|Any CPU.Build.0 = Debug|Any CPU
		{7C64F7D5-BC0C-4600-BEC7-FF22C53EC098}.Release|Any CPU.ActiveCfg = Release|Any CPU
		{7C64F7D5-BC0C-4600-BEC7-FF22C53EC098}.Release|Any CPU.Build.0 = Release|Any CPU
	EndGlobalSection
	GlobalSection(SolutionProperties) = preSolution
		HideSolutionNode = FALSE
	EndGlobalSection
	GlobalSection(ExtensibilityGlobals) = postSolution
		SolutionGuid = {A4D95892-6C8B-4597-8D8A-103C8039B05A}
	EndGlobalSection
EndGlobal
